
Microsoft Visual Studio Solution File, Format Version 12.00
# Visual Studio 15
VisualStudioVersion = 15.0.28307.1062
MinimumVisualStudioVersion = 10.0.40219.1
Project("{FAE04EC0-301F-11D3-BF4B-00C04F79EFBC}") = "HackathonTest1", "HackathonTest1\HackathonTest1.csproj", "{C09000DA-6D46-4997-B51F-286CDFEA8176}"
EndProject
Global
	GlobalSection(SolutionConfigurationPlatforms) = preSolution
		Debug|Any CPU = Debug|Any CPU
		Release|Any CPU = Release|Any CPU
	EndGlobalSection
	GlobalSection(ProjectConfigurationPlatforms) = postSolution
		{C09000DA-6D46-4997-B51F-286CDFEA8176}.Debug|Any CPU.ActiveCfg = Debug|Any CPU
		{C09000DA-6D46-4997-B51F-286CDFEA8176}.Debug|Any CPU.Build.0 = Debug|Any CPU
		{C09000DA-6D46-4997-B51F-286CDFEA8176}.Release|Any CPU.ActiveCfg = Release|Any CPU
		{C09000DA-6D46-4997-B51F-286CDFEA8176}.Release|Any CPU.Build.0 = Release|Any CPU
	EndGlobalSection
	GlobalSection(SolutionProperties) = preSolution
		HideSolutionNode = FALSE
	EndGlobalSection
	GlobalSection(ExtensibilityGlobals) = postSolution
		SolutionGuid = {372DF37D-96CB-4749-AF49-6E59052FDC9A}
	EndGlobalSection
EndGlobal
